PODS:
  - Crashlytics (3.9.3):
    - Fabric (~> 1.7.2)
  - Fabric (1.7.2)
  - lottie-ios (2.1.4)

DEPENDENCIES:
  - Crashlytics
  - Fabric
  - lottie-ios (from `../`)

EXTERNAL SOURCES:
  lottie-ios:
    :path: ../

SPEC CHECKSUMS:
  Crashlytics: dbb07d01876c171c5ccbdf7826410380189e452c
  Fabric: 9cd6a848efcf1b8b07497e0b6a2e7d336353ba15
  lottie-ios: 94fa2d82547ce3adf1e61157653ba99999fd279f

PODFILE CHECKSUM: f07f2678cbc552eb988f4d306480f7eee08b8200

COCOAPODS: 1.2.0
